// !$*UTF8*$!
{
	archiveVersion = 1;
	classes = {
	};
	objectVersion = 46;
	objects = {

/* Begin PBXBuildFile section */
		9F67B4731FAC033600B367C1 /* AppDelegate.swift in Sources */ = {isa = PBXBuildFile; fileRef = 9F67B4721FAC033600B367C1 /* AppDelegate.swift */; };
		9F67B4751FAC033600B367C1 /* ViewController.swift in Sources */ = {isa = PBXBuildFile; fileRef = 9F67B4741FAC033600B367C1 /* ViewController.swift */; };
		9F67B4781FAC033600B367C1 /* Main.storyboard in Resources */ = {isa = PBXBuildFile; fileRef = 9F67B4761FAC033600B367C1 /* Main.storyboard */; };
		9F67B47A1FAC033600B367C1 /* Assets.xcassets in Resources */ = {isa = PBXBuildFile; fileRef = 9F67B4791FAC033600B367C1 /* Assets.xcassets */; };
		9F67B47D1FAC033600B367C1 /* LaunchScreen.storyboard in Resources */ = {isa = PBXBuildFile; fileRef = 9F67B47B1FAC033600B367C1 /* LaunchScreen.storyboard */; };
		9F67B4881FAC033600B367C1 /* ddPengTests.swift in Sources */ = {isa = PBXBuildFile; fileRef = 9F67B4871FAC033600B367C1 /* ddPengTests.swift */; };
		9F67B4931FAC033600B367C1 /* ddPengUITests.swift in Sources */ = {isa = PBXBuildFile; fileRef = 9F67B4921FAC033600B367C1 /* ddPengUITests.swift */; };
/* End PBXBuildFile section */

/* Begin PBXContainerItemProxy section */
		9F67B4841FAC033600B367C1 /* PBXContainerItemProxy */ = {
			isa = PBXContainerItemProxy;
			containerPortal = 9F67B4671FAC033600B367C1 /* Project object */;
			proxyType = 1;
			remoteGlobalIDString = 9F67B46E1FAC033600B367C1;
			remoteInfo = ddPeng;
		};
		9F67B48F1FAC033600B367C1 /* PBXContainerItemProxy */ = {
			isa = PBXContainerItemProxy;
			containerPortal = 9F67B4671FAC033600B367C1 /* Project object */;
			proxyType = 1;
			remoteGlobalIDString = 9F67B46E1FAC033600B367C1;
			remoteInfo = ddPeng;
		};
/* End PBXContainerItemProxy section */

/* Begin PBXFileReference section */
		9F67B46F1FAC033600B367C1 /* ddPeng.app */ = {isa = PBXFileReference; explicitFileType = wrapper.application; includeInIndex = 0; path = ddPeng.app; sourceTree = BUILT_PRODUCTS_DIR; };
		9F67B4721FAC033600B367C1 /* AppDelegate.swift */ = {isa = PBXFileReference; lastKnownFileType = sourcecode.swift; path = AppDelegate.swift; sourceTree = "<group>"; };
		9F67B4741FAC033600B367C1 /* ViewController.swift */ = {isa = PBXFileReference; lastKnownFileType = sourcecode.swift; path = ViewController.swift; sourceTree = "<group>"; };
		9F67B4771FAC033600B367C1 /* Base */ = {isa = PBXFileReference; lastKnownFileType = file.storyboard; name = Base; path = Base.lproj/Main.storyboard; sourceTree = "<group>"; };
		9F67B4791FAC033600B367C1 /* Assets.xcassets */ = {isa = PBXFileReference; lastKnownFileType = folder.assetcatalog; path = Assets.xcassets; sourceTree = "<group>"; };
		9F67B47C1FAC033600B367C1 /* Base */ = {isa = PBXFileReference; lastKnownFileType = file.storyboard; name = Base; path = Base.lproj/LaunchScreen.storyboard; sourceTree = "<group>"; };
		9F67B47E1FAC033600B367C1 /* Info.plist */ = {isa = PBXFileReference; lastKnownFileType = text.plist.xml; path = Info.plist; sourceTree = "<group>"; };
		9F67B4831FAC033600B367C1 /* ddPengTests.xctest */ = {isa = PBXFileReference; explicitFileType = wrapper.cfbundle; includeInIndex = 0; path = ddPengTests.xctest; sourceTree = BUILT_PRODUCTS_DIR; };
		9F67B4871FAC033600B367C1 /* ddPengTests.swift */ = {isa = PBXFileReference; lastKnownFileType = sourcecode.swift; path = ddPengTests.swift; sourceTree = "<group>"; };
		9F67B4891FAC033600B367C1 /* Info.plist */ = {isa = PBXFileReference; lastKnownFileType = text.plist.xml; path = Info.plist; sourceTree = "<group>"; };
		9F67B48E1FAC033600B367C1 /* ddPengUITests.xctest */ = {isa = PBXFileReference; explicitFileType = wrapper.cfbundle; includeInIndex = 0; path = ddPengUITests.xctest; sourceTree = BUILT_PRODUCTS_DIR; };
		9F67B4921FAC033600B367C1 /* ddPengUITests.swift */ = {isa = PBXFileReference; lastKnownFileType = sourcecode.swift; path = ddPengUITests.swift; sourceTree = "<group>"; };
		9F67B4941FAC033600B367C1 /* Info.plist */ = {isa = PBXFileReference; lastKnownFileType = text.plist.xml; path = Info.plist; sourceTree = "<group>"; };
/* End PBXFileReference section */

/* Begin PBXFrameworksBuildPhase section */
		9F67B46C1FAC033600B367C1 /* Frameworks */ = {
			isa = PBXFrameworksBuildPhase;
			buildActionMask = 2147483647;
			files = (
			);
			runOnlyForDeploymentPostprocessing = 0;
		};
		9F67B4801FAC033600B367C1 /* Frameworks */ = {
			isa = PBXFrameworksBuildPhase;
			buildActionMask = 2147483647;
			files = (
			);
			runOnlyForDeploymentPostprocessing = 0;
		};
		9F67B48B1FAC033600B367C1 /* Frameworks */ = {
			isa = PBXFrameworksBuildPhase;
			buildActionMask = 2147483647;
			files = (
			);
			runOnlyForDeploymentPostprocessing = 0;
		};
/* End PBXFrameworksBuildPhase section */

/* Begin PBXGroup section */
		9F67B4661FAC033600B367C1 = {
			isa = PBXGroup;
			children = (
				9F67B4711FAC033600B367C1 /* ddPeng */,
				9F67B4861FAC033600B367C1 /* ddPengTests */,
				9F67B4911FAC033600B367C1 /* ddPengUITests */,
				9F67B4701FAC033600B367C1 /* Products */,
			);
			sourceTree = "<group>";
		};
		9F67B4701FAC033600B367C1 /* Products */ = {
			isa = PBXGroup;
			children = (
				9F67B46F1FAC033600B367C1 /* ddPeng.app */,
				9F67B4831FAC033600B367C1 /* ddPengTests.xctest */,
				9F67B48E1FAC033600B367C1 /* ddPengUITests.xctest */,
			);
			name = Products;
			sourceTree = "<group>";
		};
		9F67B4711FAC033600B367C1 /* ddPeng */ = {
			isa = PBXGroup;
			children = (
				9F67B4721FAC033600B367C1 /* AppDelegate.swift */,
				9F67B4741FAC033600B367C1 /* ViewController.swift */,
				9F67B4761FAC033600B367C1 /* Main.storyboard */,
				9F67B4791FAC033600B367C1 /* Assets.xcassets */,
				9F67B47B1FAC033600B367C1 /* LaunchScreen.storyboard */,
				9F67B47E1FAC033600B367C1 /* Info.plist */,
			);
			path = ddPeng;
			sourceTree = "<group>";
		};
		9F67B4861FAC033600B367C1 /* ddPengTests */ = {
			isa = PBXGroup;
			children = (
				9F67B4871FAC033600B367C1 /* ddPengTests.swift */,
				9F67B4891FAC033600B367C1 /* Info.plist */,
			);
			path = ddPengTests;
			sourceTree = "<group>";
		};
		9F67B4911FAC033600B367C1 /* ddPengUITests */ = {
			isa = PBXGroup;
			children = (
				9F67B4921FAC033600B367C1 /* ddPengUITests.swift */,
				9F67B4941FAC033600B367C1 /* Info.plist */,
			);
			path = ddPengUITests;
			sourceTree = "<group>";
		};
/* End PBXGroup section */

/* Begin PBXNativeTarget section */
		9F67B46E1FAC033600B367C1 /* ddPeng */ = {
			isa = PBXNativeTarget;
			buildConfigurationList = 9F67B4971FAC033600B367C1 /* Build configuration list for PBXNativeTarget "ddPeng" */;
			buildPhases = (
				9F67B46B1FAC033600B367C1 /* Sources */,
				9F67B46C1FAC033600B367C1 /* Frameworks */,
				9F67B46D1FAC033600B367C1 /* Resources */,
			);
			buildRules = (
			);
			dependencies = (
			);
			name = ddPeng;
			productName = ddPeng;
			productReference = 9F67B46F1FAC033600B367C1 /* ddPeng.app */;
			productType = "com.apple.product-type.application";
		};
		9F67B4821FAC033600B367C1 /* ddPengTests */ = {
			isa = PBXNativeTarget;
			buildConfigurationList = 9F67B49A1FAC033600B367C1 /* Build configuration list for PBXNativeTarget "ddPengTests" */;
			buildPhases = (
				9F67B47F1FAC033600B367C1 /* Sources */,
				9F67B4801FAC033600B367C1 /* Frameworks */,
				9F67B4811FAC033600B367C1 /* Resources */,
			);
			buildRules = (
			);
			dependencies = (
				9F67B4851FAC033600B367C1 /* PBXTargetDependency */,
			);
			name = ddPengTests;
			productName = ddPengTests;
			productReference = 9F67B4831FAC033600B367C1 /* ddPengTests.xctest */;
			productType = "com.apple.product-type.bundle.unit-test";
		};
		9F67B48D1FAC033600B367C1 /* ddPengUITests */ = {
			isa = PBXNativeTarget;
			buildConfigurationList = 9F67B49D1FAC033600B367C1 /* Build configuration list for PBXNativeTarget "ddPengUITests" */;
			buildPhases = (
				9F67B48A1FAC033600B367C1 /* Sources */,
				9F67B48B1FAC033600B367C1 /* Frameworks */,
				9F67B48C1FAC033600B367C1 /* Resources */,
			);
			buildRules = (
			);
			dependencies = (
				9F67B4901FAC033600B367C1 /* PBXTargetDependency */,
			);
			name = ddPengUITests;
			productName = ddPengUITests;
			productReference = 9F67B48E1FAC033600B367C1 /* ddPengUITests.xctest */;
			productType = "com.apple.product-type.bundle.ui-testing";
		};
/* End PBXNativeTarget section */

/* Begin PBXProject section */
		9F67B4671FAC033600B367C1 /* Project object */ = {
			isa = PBXProject;
			attributes = {
				LastSwiftUpdateCheck = 0830;
				LastUpgradeCheck = 0830;
				ORGANIZATIONNAME = daytonlin;
				TargetAttributes = {
					9F67B46E1FAC033600B367C1 = {
						CreatedOnToolsVersion = 8.3.3;
						ProvisioningStyle = Automatic;
					};
					9F67B4821FAC033600B367C1 = {
						CreatedOnToolsVersion = 8.3.3;
						ProvisioningStyle = Automatic;
						TestTargetID = 9F67B46E1FAC033600B367C1;
					};
					9F67B48D1FAC033600B367C1 = {
						CreatedOnToolsVersion = 8.3.3;
						ProvisioningStyle = Automatic;
						TestTargetID = 9F67B46E1FAC033600B367C1;
					};
				};
			};
			buildConfigurationList = 9F67B46A1FAC033600B367C1 /* Build configuration list for PBXProject "ddPeng" */;
			compatibilityVersion = "Xcode 3.2";
			developmentRegion = English;
			hasScannedForEncodings = 0;
			knownRegions = (
				en,
				Base,
			);
			mainGroup = 9F67B4661FAC033600B367C1;
			productRefGroup = 9F67B4701FAC033600B367C1 /* Products */;
			projectDirPath = "";
			projectRoot = "";
			targets = (
				9F67B46E1FAC033600B367C1 /* ddPeng */,
				9F67B4821FAC033600B367C1 /* ddPengTests */,
				9F67B48D1FAC033600B367C1 /* ddPengUITests */,
			);
		};
/* End PBXProject section */

/* Begin PBXResourcesBuildPhase section */
		9F67B46D1FAC033600B367C1 /* Resources */ = {
			isa = PBXResourcesBuildPhase;
			buildActionMask = 2147483647;
			files = (
				9F67B47D1FAC033600B367C1 /* LaunchScreen.storyboard in Resources */,
				9F67B47A1FAC033600B367C1 /* Assets.xcassets in Resources */,
				9F67B4781FAC033600B367C1 /* Main.storyboard in Resources */,
			);
			runOnlyForDeploymentPostprocessing = 0;
		};
		9F67B4811FAC033600B367C1 /* Resources */ = {
			isa = PBXResourcesBuildPhase;
			buildActionMask = 2147483647;
			files = (
			);
			runOnlyForDeploymentPostprocessing = 0;
		};
		9F67B48C1FAC033600B367C1 /* Resources */ = {
			isa = PBXResourcesBuildPhase;
			buildActionMask = 2147483647;
			files = (
			);
			runOnlyForDeploymentPostprocessing = 0;
		};
/* End PBXResourcesBuildPhase section */

/* Begin PBXSourcesBuildPhase section */
		9F67B46B1FAC033600B367C1 /* Sources */ = {
			isa = PBXSourcesBuildPhase;
			buildActionMask = 2147483647;
			files = (
				9F67B4751FAC033600B367C1 /* ViewController.swift in Sources */,
				9F67B4731FAC033600B367C1 /* AppDelegate.swift in Sources */,
			);
			runOnlyForDeploymentPostprocessing = 0;
		};
		9F67B47F1FAC033600B367C1 /* Sources */ = {
			isa = PBXSourcesBuildPhase;
			buildActionMask = 2147483647;
			files = (
				9F67B4881FAC033600B367C1 /* ddPengTests.swift in Sources */,
			);
			runOnlyForDeploymentPostprocessing = 0;
		};
		9F67B48A1FAC033600B367C1 /* Sources */ = {
			isa = PBXSourcesBuildPhase;
			buildActionMask = 2147483647;
			files = (
				9F67B4931FAC033600B367C1 /* ddPengUITests.swift in Sources */,
			);
			runOnlyForDeploymentPostprocessing = 0;
		};
/* End PBXSourcesBuildPhase section */

/* Begin PBXTargetDependency section */
		9F67B4851FAC033600B367C1 /* PBXTargetDependency */ = {
			isa = PBXTargetDependency;
			target = 9F67B46E1FAC033600B367C1 /* ddPeng */;
			targetProxy = 9F67B4841FAC033600B367C1 /* PBXContainerItemProxy */;
		};
		9F67B4901FAC033600B367C1 /* PBXTargetDependency */ = {
			isa = PBXTargetDependency;
			target = 9F67B46E1FAC033600B367C1 /* ddPeng */;
			targetProxy = 9F67B48F1FAC033600B367C1 /* PBXContainerItemProxy */;
		};
/* End PBXTargetDependency section */

/* Begin PBXVariantGroup section */
		9F67B4761FAC033600B367C1 /* Main.storyboard */ = {
			isa = PBXVariantGroup;
			children = (
				9F67B4771FAC033600B367C1 /* Base */,
			);
			name = Main.storyboard;
			sourceTree = "<group>";
		};
		9F67B47B1FAC033600B367C1 /* LaunchScreen.storyboard */ = {
			isa = PBXVariantGroup;
			children = (
				9F67B47C1FAC033600B367C1 /* Base */,
			);
			name = LaunchScreen.storyboard;
			sourceTree = "<group>";
		};
/* End PBXVariantGroup section */

/* Begin XCBuildConfiguration section */
		9F67B4951FAC033600B367C1 /* Debug */ = {
			isa = XCBuildConfiguration;
			buildSettings = {
				ALWAYS_SEARCH_USER_PATHS = NO;
				CLANG_ANALYZER_NONNULL = YES;
				CLANG_ANALYZER_NUMBER_OBJECT_CONVERSION = YES_AGGRESSIVE;
				CLANG_CXX_LANGUAGE_STANDARD = "gnu++0x";
				CLANG_CXX_LIBRARY = "libc++";
				CLANG_ENABLE_MODULES = YES;
				CLANG_ENABLE_OBJC_ARC = YES;
				CLANG_WARN_BOOL_CONVERSION = YES;
				CLANG_WARN_CONSTANT_CONVERSION = YES;
				CLANG_WARN_DIRECT_OBJC_ISA_USAGE = YES_ERROR;
				CLANG_WARN_DOCUMENTATION_COMMENTS = YES;
				CLANG_WARN_EMPTY_BODY = YES;
				CLANG_WARN_ENUM_CONVERSION = YES;
				CLANG_WARN_INFINITE_RECURSION = YES;
				CLANG_WARN_INT_CONVERSION = YES;
				CLANG_WARN_OBJC_ROOT_CLASS = YES_ERROR;
				CLANG_WARN_SUSPICIOUS_MOVE = YES;
				CLANG_WARN_UNREACHABLE_CODE = YES;
				CLANG_WARN__DUPLICATE_METHOD_MATCH = YES;
				"CODE_SIGN_IDENTITY[sdk=iphoneos*]" = "iPhone Developer";
				COPY_PHASE_STRIP = NO;
				DEBUG_INFORMATION_FORMAT = dwarf;
				ENABLE_STRICT_OBJC_MSGSEND = YES;
				ENABLE_TESTABILITY = YES;
				GCC_C_LANGUAGE_STANDARD = gnu99;
				GCC_DYNAMIC_NO_PIC = NO;
				GCC_NO_COMMON_BLOCKS = YES;
				GCC_OPTIMIZATION_LEVEL = 0;
				GCC_PREPROCESSOR_DEFINITIONS = (
					"DEBUG=1",
					"$(inherited)",
				);
				GCC_WARN_64_TO_32_BIT_CONVERSION = YES;
				GCC_WARN_ABOUT_RETURN_TYPE = YES_ERROR;
				GCC_WARN_UNDECLARED_SELECTOR = YES;
				GCC_WARN_UNINITIALIZED_AUTOS = YES_AGGRESSIVE;
				GCC_WARN_UNUSED_FUNCTION = YES;
				GCC_WARN_UNUSED_VARIABLE = YES;
				IPHONEOS_DEPLOYMENT_TARGET = 10.3;
				MTL_ENABLE_DEBUG_INFO = YES;
				ONLY_ACTIVE_ARCH = YES;
				SDKROOT = iphoneos;
				SWIFT_ACTIVE_COMPILATION_CONDITIONS = DEBUG;
				SWIFT_OPTIMIZATION_LEVEL = "-Onone";
			};
			name = Debug;
		};
		9F67B4961FAC033600B367C1 /* Release */ = {
			isa = XCBuildConfiguration;
			buildSettings = {
				ALWAYS_SEARCH_USER_PATHS = NO;
				CLANG_ANALYZER_NONNULL = YES;
				CLANG_ANALYZER_NUMBER_OBJECT_CONVERSION = YES_AGGRESSIVE;
				CLANG_CXX_LANGUAGE_STANDARD = "gnu++0x";
				CLANG_CXX_LIBRARY = "libc++";
				CLANG_ENABLE_MODULES = YES;
				CLANG_ENABLE_OBJC_ARC = YES;
				CLANG_WARN_BOOL_CONVERSION = YES;
				CLANG_WARN_CONSTANT_CONVERSION = YES;
				CLANG_WARN_DIRECT_OBJC_ISA_USAGE = YES_ERROR;
				CLANG_WARN_DOCUMENTATION_COMMENTS = YES;
				CLANG_WARN_EMPTY_BODY = YES;
				CLANG_WARN_ENUM_CONVERSION = YES;
				CLANG_WARN_INFINITE_RECURSION = YES;
				CLANG_WARN_INT_CONVERSION = YES;
				CLANG_WARN_OBJC_ROOT_CLASS = YES_ERROR;
				CLANG_WARN_SUSPICIOUS_MOVE = YES;
				CLANG_WARN_UNREACHABLE_CODE = YES;
				CLANG_WARN__DUPLICATE_METHOD_MATCH = YES;
				"CODE_SIGN_IDENTITY[sdk=iphoneos*]" = "iPhone Developer";
				COPY_PHASE_STRIP = NO;
				DEBUG_INFORMATION_FORMAT = "dwarf-with-dsym";
				ENABLE_NS_ASSERTIONS = NO;
				ENABLE_STRICT_OBJC_MSGSEND = YES;
				GCC_C_LANGUAGE_STANDARD = gnu99;
				GCC_NO_COMMON_BLOCKS = YES;
				GCC_WARN_64_TO_32_BIT_CONVERSION = YES;
				GCC_WARN_ABOUT_RETURN_TYPE = YES_ERROR;
				GCC_WARN_UNDECLARED_SELECTOR = YES;
				GCC_WARN_UNINITIALIZED_AUTOS = YES_AGGRESSIVE;
				GCC_WARN_UNUSED_FUNCTION = YES;
				GCC_WARN_UNUSED_VARIABLE = YES;
				IPHONEOS_DEPLOYMENT_TARGET = 10.3;
				MTL_ENABLE_DEBUG_INFO = NO;
				SDKROOT = iphoneos;
				SWIFT_OPTIMIZATION_LEVEL = "-Owholemodule";
				VALIDATE_PRODUCT = YES;
			};
			name = Release;
		};
		9F67B4981FAC033600B367C1 /* Debug */ = {
			isa = XCBuildConfiguration;
			buildSettings = {
				ASSETCATALOG_COMPILER_APPICON_NAME = AppIcon;
				INFOPLIST_FILE = ddPeng/Info.plist;
				LD_RUNPATH_SEARCH_PATHS = "$(inherited) @executable_path/Frameworks";
				PRODUCT_BUNDLE_IDENTIFIER = com.tencent.ddPeng;
				PRODUCT_NAME = "$(TARGET_NAME)";
				SWIFT_VERSION = 3.0;
			};
			name = Debug;
		};
		9F67B4991FAC033600B367C1 /* Release */ = {
			isa = XCBuildConfiguration;
			buildSettings = {
				ASSETCATALOG_COMPILER_APPICON_NAME = AppIcon;
				INFOPLIST_FILE = ddPeng/Info.plist;
				LD_RUNPATH_SEARCH_PATHS = "$(inherited) @executable_path/Frameworks";
				PRODUCT_BUNDLE_IDENTIFIER = com.tencent.ddPeng;
				PRODUCT_NAME = "$(TARGET_NAME)";
				SWIFT_VERSION = 3.0;
			};
			name = Release;
		};
		9F67B49B1FAC033600B367C1 /* Debug */ = {
			isa = XCBuildConfiguration;
			buildSettings = {
				ALWAYS_EMBED_SWIFT_STANDARD_LIBRARIES = YES;
				BUNDLE_LOADER = "$(TEST_HOST)";
				INFOPLIST_FILE = ddPengTests/Info.plist;
				LD_RUNPATH_SEARCH_PATHS = "$(inherited) @executable_path/Frameworks @loader_path/Frameworks";
				PRODUCT_BUNDLE_IDENTIFIER = com.tencent.ddPengTests;
				PRODUCT_NAME = "$(TARGET_NAME)";
				SWIFT_VERSION = 3.0;
				TEST_HOST = "$(BUILT_PRODUCTS_DIR)/ddPeng.app/ddPeng";
			};
			name = Debug;
		};
		9F67B49C1FAC033600B367C1 /* Release */ = {
			isa = XCBuildConfiguration;
			buildSettings = {
				ALWAYS_EMBED_SWIFT_STANDARD_LIBRARIES = YES;
				BUNDLE_LOADER = "$(TEST_HOST)";
				INFOPLIST_FILE = ddPengTests/Info.plist;
				LD_RUNPATH_SEARCH_PATHS = "$(inherited) @executable_path/Frameworks @loader_path/Frameworks";
				PRODUCT_BUNDLE_IDENTIFIER = com.tencent.ddPengTests;
				PRODUCT_NAME = "$(TARGET_NAME)";
				SWIFT_VERSION = 3.0;
				TEST_HOST = "$(BUILT_PRODUCTS_DIR)/ddPeng.app/ddPeng";
			};
			name = Release;
		};
		9F67B49E1FAC033600B367C1 /* Debug */ = {
			isa = XCBuildConfiguration;
			buildSettings = {
				ALWAYS_EMBED_SWIFT_STANDARD_LIBRARIES = YES;
				INFOPLIST_FILE = ddPengUITests/Info.plist;
				LD_RUNPATH_SEARCH_PATHS = "$(inherited) @executable_path/Frameworks @loader_path/Frameworks";
				PRODUCT_BUNDLE_IDENTIFIER = com.tencent.ddPengUITests;
				PRODUCT_NAME = "$(TARGET_NAME)";
				SWIFT_VERSION = 3.0;
				TEST_TARGET_NAME = ddPeng;
			};
			name = Debug;
		};
		9F67B49F1FAC033600B367C1 /* Release */ = {
			isa = XCBuildConfiguration;
			buildSettings = {
				ALWAYS_EMBED_SWIFT_STANDARD_LIBRARIES = YES;
				INFOPLIST_FILE = ddPengUITests/Info.plist;
				LD_RUNPATH_SEARCH_PATHS = "$(inherited) @executable_path/Frameworks @loader_path/Frameworks";
				PRODUCT_BUNDLE_IDENTIFIER = com.tencent.ddPengUITests;
				PRODUCT_NAME = "$(TARGET_NAME)";
				SWIFT_VERSION = 3.0;
				TEST_TARGET_NAME = ddPeng;
			};
			name = Release;
		};
/* End XCBuildConfiguration section */

/* Begin XCConfigurationList section */
		9F67B46A1FAC033600B367C1 /* Build configuration list for PBXProject "ddPeng" */ = {
			isa = XCConfigurationList;
			buildConfigurations = (
				9F67B4951FAC033600B367C1 /* Debug */,
				9F67B4961FAC033600B367C1 /* Release */,
			);
			defaultConfigurationIsVisible = 0;
			defaultConfigurationName = Release;
		};
		9F67B4971FAC033600B367C1 /* Build configuration list for PBXNativeTarget "ddPeng" */ = {
			isa = XCConfigurationList;
			buildConfigurations = (
				9F67B4981FAC033600B367C1 /* Debug */,
				9F67B4991FAC033600B367C1 /* Release */,
			);
			defaultConfigurationIsVisible = 0;
		};
		9F67B49A1FAC033600B367C1 /* Build configuration list for PBXNativeTarget "ddPengTests" */ = {
			isa = XCConfigurationList;
			buildConfigurations = (
				9F67B49B1FAC033600B367C1 /* Debug */,
				9F67B49C1FAC033600B367C1 /* Release */,
			);
			defaultConfigurationIsVisible = 0;
		};
		9F67B49D1FAC033600B367C1 /* Build configuration list for PBXNativeTarget "ddPengUITests" */ = {
			isa = XCConfigurationList;
			buildConfigurations = (
				9F67B49E1FAC033600B367C1 /* Debug */,
				9F67B49F1FAC033600B367C1 /* Release */,
			);
			defaultConfigurationIsVisible = 0;
		};
/* End XCConfigurationList section */
	};
	rootObject = 9F67B4671FAC033600B367C1 /* Project object */;
}
